
Microsoft Visual Studio Solution File, Format Version 12.00
# Visual Studio Version 17
VisualStudioVersion = 17.0.31903.59
MinimumVisualStudioVersion = 10.0.40219.1
Project("{FAE04EC0-301F-11D3-BF4B-00C04F79EFBC}") = "FizzBuzzApp", "FizzBuzzApp\FizzBuzzApp.csproj", "{0CAEE90D-D398-4B3A-BE6A-AF8B61D2818B}"
EndProject
Project("{FAE04EC0-301F-11D3-BF4B-00C04F79EFBC}") = "FizzBuzzAPI", "FizzBuzzAPI\FizzBuzzAPI.csproj", "{2829C356-575B-49F9-8651-DD3742DD6735}"
EndProject
Project("{FAE04EC0-301F-11D3-BF4B-00C04F79EFBC}") = "FizzBuzzTests", "FizzBuzzTests\FizzBuzzTests.csproj", "{1A2A46C9-79AF-4296-B5E9-79581835B56B}"
EndProject
Global
	GlobalSection(SolutionConfigurationPlatforms) = preSolution
		Debug|Any CPU = Debug|Any CPU
		Release|Any CPU = Release|Any CPU
	EndGlobalSection
	GlobalSection(SolutionProperties) = preSolution
		HideSolutionNode = FALSE
	EndGlobalSection
	GlobalSection(ProjectConfigurationPlatforms) = postSolution
		{0CAEE90D-D398-4B3A-BE6A-AF8B61D2818B}.Debug|Any CPU.ActiveCfg = Debug|Any CPU
		{0CAEE90D-D398-4B3A-BE6A-AF8B61D2818B}.Debug|Any CPU.Build.0 = Debug|Any CPU
		{0CAEE90D-D398-4B3A-BE6A-AF8B61D2818B}.Release|Any CPU.ActiveCfg = Release|Any CPU
		{0CAEE90D-D398-4B3A-BE6A-AF8B61D2818B}.Release|Any CPU.Build.0 = Release|Any CPU
		{2829C356-575B-49F9-8651-DD3742DD6735}.Debug|Any CPU.ActiveCfg = Debug|Any CPU
		{2829C356-575B-49F9-8651-DD3742DD6735}.Debug|Any CPU.Build.0 = Debug|Any CPU
		{2829C356-575B-49F9-8651-DD3742DD6735}.Release|Any CPU.ActiveCfg = Release|Any CPU
		{2829C356-575B-49F9-8651-DD3742DD6735}.Release|Any CPU.Build.0 = Release|Any CPU
		{1A2A46C9-79AF-4296-B5E9-79581835B56B}.Debug|Any CPU.ActiveCfg = Debug|Any CPU
		{1A2A46C9-79AF-4296-B5E9-79581835B56B}.Debug|Any CPU.Build.0 = Debug|Any CPU
		{1A2A46C9-79AF-4296-B5E9-79581835B56B}.Release|Any CPU.ActiveCfg = Release|Any CPU
		{1A2A46C9-79AF-4296-B5E9-79581835B56B}.Release|Any CPU.Build.0 = Release|Any CPU
	EndGlobalSection
EndGlobal
